
Microsoft Visual Studio Solution File, Format Version 12.00
# Visual Studio 14
VisualStudioVersion = 14.0.25420.1
MinimumVisualStudioVersion = 10.0.40219.1
Project("{FAE04EC0-301F-11D3-BF4B-00C04F79EFBC}") = "AzureIntro.WebJobs.AzureScheduler", "AzureIntro.WebJobs.AzureScheduler\AzureIntro.WebJobs.AzureScheduler.csproj", "{9AF7E381-3900-41D0-AF89-D4F174DBA5D2}"
EndProject
Project("{FAE04EC0-301F-11D3-BF4B-00C04F79EFBC}") = "AzureIntro.AzureHelpers", "AzureIntro.AzureHelpers\AzureIntro.AzureHelpers.csproj", "{302F3F3E-740D-496F-9CC8-6FB574C05D60}"
EndProject
Project("{FAE04EC0-301F-11D3-BF4B-00C04F79EFBC}") = "AzureIntro.Models", "AzureIntro.Models\AzureIntro.Models.csproj", "{2B45A2CD-39CA-474D-B700-9A35E898F29D}"
EndProject
Project("{FAE04EC0-301F-11D3-BF4B-00C04F79EFBC}") = "AzureIntro.WebJobs.QueueTrigger", "AzureIntro.WebJobs.QueueTrigger\AzureIntro.WebJobs.QueueTrigger.csproj", "{EC6D3101-329E-434A-AB92-CDF9F300AB9A}"
EndProject
Project("{FAE04EC0-301F-11D3-BF4B-00C04F79EFBC}") = "AzureIntro.Web", "AzureIntro.Web\AzureIntro.Web.csproj", "{B8D3A396-463C-41C9-A16A-00DDC5083D13}"
EndProject
Global
	GlobalSection(SolutionConfigurationPlatforms) = preSolution
		Debug|Any CPU = Debug|Any CPU
		Release|Any CPU = Release|Any CPU
	EndGlobalSection
	GlobalSection(ProjectConfigurationPlatforms) = postSolution
		{9AF7E381-3900-41D0-AF89-D4F174DBA5D2}.Debug|Any CPU.ActiveCfg = Debug|Any CPU
		{9AF7E381-3900-41D0-AF89-D4F174DBA5D2}.Debug|Any CPU.Build.0 = Debug|Any CPU
		{9AF7E381-3900-41D0-AF89-D4F174DBA5D2}.Release|Any CPU.ActiveCfg = Release|Any CPU
		{9AF7E381-3900-41D0-AF89-D4F174DBA5D2}.Release|Any CPU.Build.0 = Release|Any CPU
		{302F3F3E-740D-496F-9CC8-6FB574C05D60}.Debug|Any CPU.ActiveCfg = Debug|Any CPU
		{302F3F3E-740D-496F-9CC8-6FB574C05D60}.Debug|Any CPU.Build.0 = Debug|Any CPU
		{302F3F3E-740D-496F-9CC8-6FB574C05D60}.Release|Any CPU.ActiveCfg = Release|Any CPU
		{302F3F3E-740D-496F-9CC8-6FB574C05D60}.Release|Any CPU.Build.0 = Release|Any CPU
		{2B45A2CD-39CA-474D-B700-9A35E898F29D}.Debug|Any CPU.ActiveCfg = Debug|Any CPU
		{2B45A2CD-39CA-474D-B700-9A35E898F29D}.Debug|Any CPU.Build.0 = Debug|Any CPU
		{2B45A2CD-39CA-474D-B700-9A35E898F29D}.Release|Any CPU.ActiveCfg = Release|Any CPU
		{2B45A2CD-39CA-474D-B700-9A35E898F29D}.Release|Any CPU.Build.0 = Release|Any CPU
		{EC6D3101-329E-434A-AB92-CDF9F300AB9A}.Debug|Any CPU.ActiveCfg = Debug|Any CPU
		{EC6D3101-329E-434A-AB92-CDF9F300AB9A}.Debug|Any CPU.Build.0 = Debug|Any CPU
		{EC6D3101-329E-434A-AB92-CDF9F300AB9A}.Release|Any CPU.ActiveCfg = Release|Any CPU
		{EC6D3101-329E-434A-AB92-CDF9F300AB9A}.Release|Any CPU.Build.0 = Release|Any CPU
		{B8D3A396-463C-41C9-A16A-00DDC5083D13}.Debug|Any CPU.ActiveCfg = Debug|Any CPU
		{B8D3A396-463C-41C9-A16A-00DDC5083D13}.Debug|Any CPU.Build.0 = Debug|Any CPU
		{B8D3A396-463C-41C9-A16A-00DDC5083D13}.Release|Any CPU.ActiveCfg = Release|Any CPU
		{B8D3A396-463C-41C9-A16A-00DDC5083D13}.Release|Any CPU.Build.0 = Release|Any CPU
	EndGlobalSection
	GlobalSection(SolutionProperties) = preSolution
		HideSolutionNode = FALSE
	EndGlobalSection
EndGlobal
